// !$*UTF8*$!
{
	archiveVersion = 1;
	classes = {
	};
	objectVersion = 46;
	objects = {

/* Begin PBXBuildFile section */
		271F245C1854A34F0024E200 /* Foundation.framework in Frameworks */ = {isa = PBXBuildFile; fileRef = 271F245B1854A34F0024E200 /* Foundation.framework */; };
		271F245F1854A34F0024E200 /* main.m in Sources */ = {isa = PBXBuildFile; fileRef = 271F245E1854A34F0024E200 /* main.m */; };
		271F246B1854F9B30024E200 /* Jogador.m in Sources */ = {isa = PBXBuildFile; fileRef = 271F246A1854F9B30024E200 /* Jogador.m */; };
		271F246E1854FBB50024E200 /* Arma.m in Sources */ = {isa = PBXBuildFile; fileRef = 271F246D1854FBB50024E200 /* Arma.m */; };
		271F24711854FEDE0024E200 /* LeagueOfOrientedObject.m in Sources */ = {isa = PBXBuildFile; fileRef = 271F24701854FEDE0024E200 /* LeagueOfOrientedObject.m */; };
		BE874D341858CE030037F872 /* FabricaArma.m in Sources */ = {isa = PBXBuildFile; fileRef = BE874D331858CE030037F872 /* FabricaArma.m */; };
		BFB7B2FC1858D8B300362616 /* Armadura.m in Sources */ = {isa = PBXBuildFile; fileRef = BFB7B2FB1858D8B300362616 /* Armadura.m */; };
		F8A1C1371858C58C008345BD /* ArcoEFlecha.m in Sources */ = {isa = PBXBuildFile; fileRef = F8A1C12E1858C58C008345BD /* ArcoEFlecha.m */; };
		F8A1C1381858C58C008345BD /* Arena.m in Sources */ = {isa = PBXBuildFile; fileRef = F8A1C1301858C58C008345BD /* Arena.m */; };
		F8A1C1391858C58C008345BD /* Espada.m in Sources */ = {isa = PBXBuildFile; fileRef = F8A1C1321858C58C008345BD /* Espada.m */; };
		F8A1C13A1858C58C008345BD /* Machado.m in Sources */ = {isa = PBXBuildFile; fileRef = F8A1C1341858C58C008345BD /* Machado.m */; };
		F8A1C13B1858C58C008345BD /* Magia.m in Sources */ = {isa = PBXBuildFile; fileRef = F8A1C1361858C58C008345BD /* Magia.m */; };
/* End PBXBuildFile section */

/* Begin PBXCopyFilesBuildPhase section */
		271F24561854A34F0024E200 /* CopyFiles */ = {
			isa = PBXCopyFilesBuildPhase;
			buildActionMask = 2147483647;
			dstPath = /usr/share/man/man1/;
			dstSubfolderSpec = 0;
			files = (
			);
			runOnlyForDeploymentPostprocessing = 1;
		};
/* End PBXCopyFilesBuildPhase section */

/* Begin PBXFileReference section */
		271F24581854A34F0024E200 /* LeagueOfObjectOriented */ = {isa = PBXFileReference; explicitFileType = "compiled.mach-o.executable"; includeInIndex = 0; path = LeagueOfObjectOriented; sourceTree = BUILT_PRODUCTS_DIR; };
		271F245B1854A34F0024E200 /* Foundation.framework */ = {isa = PBXFileReference; lastKnownFileType = wrapper.framework; name = Foundation.framework; path = System/Library/Frameworks/Foundation.framework; sourceTree = SDKROOT; };
		271F245E1854A34F0024E200 /* main.m */ = {isa = PBXFileReference; lastKnownFileType = sourcecode.c.objc; path = main.m; sourceTree = "<group>"; };
		271F24611854A34F0024E200 /* LeagueOfObjectOriented-Prefix.pch */ = {isa = PBXFileReference; lastKnownFileType = sourcecode.c.h; path = "LeagueOfObjectOriented-Prefix.pch"; sourceTree = "<group>"; };
		271F24691854F9B30024E200 /* Jogador.h */ = {isa = PBXFileReference; fileEncoding = 4; lastKnownFileType = sourcecode.c.h; path = Jogador.h; sourceTree = "<group>"; };
		271F246A1854F9B30024E200 /* Jogador.m */ = {isa = PBXFileReference; fileEncoding = 4; lastKnownFileType = sourcecode.c.objc; path = Jogador.m; sourceTree = "<group>"; };
		271F246C1854FBB50024E200 /* Arma.h */ = {isa = PBXFileReference; fileEncoding = 4; lastKnownFileType = sourcecode.c.h; path = Arma.h; sourceTree = "<group>"; };
		271F246D1854FBB50024E200 /* Arma.m */ = {isa = PBXFileReference; fileEncoding = 4; lastKnownFileType = sourcecode.c.objc; path = Arma.m; sourceTree = "<group>"; };
		271F246F1854FEDE0024E200 /* LeagueOfOrientedObject.h */ = {isa = PBXFileReference; fileEncoding = 4; lastKnownFileType = sourcecode.c.h; path = LeagueOfOrientedObject.h; sourceTree = "<group>"; };
		271F24701854FEDE0024E200 /* LeagueOfOrientedObject.m */ = {isa = PBXFileReference; fileEncoding = 4; lastKnownFileType = sourcecode.c.objc; path = LeagueOfOrientedObject.m; sourceTree = "<group>"; };
		BE874D321858CE030037F872 /* FabricaArma.h */ = {isa = PBXFileReference; fileEncoding = 4; lastKnownFileType = sourcecode.c.h; path = FabricaArma.h; sourceTree = "<group>"; };
		BE874D331858CE030037F872 /* FabricaArma.m */ = {isa = PBXFileReference; fileEncoding = 4; lastKnownFileType = sourcecode.c.objc; path = FabricaArma.m; sourceTree = "<group>"; };
		BFB7B2FA1858D8B300362616 /* Armadura.h */ = {isa = PBXFileReference; fileEncoding = 4; lastKnownFileType = sourcecode.c.h; path = Armadura.h; sourceTree = "<group>"; };
		BFB7B2FB1858D8B300362616 /* Armadura.m */ = {isa = PBXFileReference; fileEncoding = 4; lastKnownFileType = sourcecode.c.objc; path = Armadura.m; sourceTree = "<group>"; };
		F8A1C12D1858C58C008345BD /* ArcoEFlecha.h */ = {isa = PBXFileReference; fileEncoding = 4; lastKnownFileType = sourcecode.c.h; name = ArcoEFlecha.h; path = LeagueOfObjectOriented/ArcoEFlecha.h; sourceTree = "<group>"; };
		F8A1C12E1858C58C008345BD /* ArcoEFlecha.m */ = {isa = PBXFileReference; fileEncoding = 4; lastKnownFileType = sourcecode.c.objc; name = ArcoEFlecha.m; path = LeagueOfObjectOriented/ArcoEFlecha.m; sourceTree = "<group>"; };
		F8A1C12F1858C58C008345BD /* Arena.h */ = {isa = PBXFileReference; fileEncoding = 4; lastKnownFileType = sourcecode.c.h; name = Arena.h; path = LeagueOfObjectOriented/Arena.h; sourceTree = "<group>"; };
		F8A1C1301858C58C008345BD /* Arena.m */ = {isa = PBXFileReference; fileEncoding = 4; lastKnownFileType = sourcecode.c.objc; name = Arena.m; path = LeagueOfObjectOriented/Arena.m; sourceTree = "<group>"; };
		F8A1C1311858C58C008345BD /* Espada.h */ = {isa = PBXFileReference; fileEncoding = 4; lastKnownFileType = sourcecode.c.h; name = Espada.h; path = LeagueOfObjectOriented/Espada.h; sourceTree = "<group>"; };
		F8A1C1321858C58C008345BD /* Espada.m */ = {isa = PBXFileReference; fileEncoding = 4; lastKnownFileType = sourcecode.c.objc; name = Espada.m; path = LeagueOfObjectOriented/Espada.m; sourceTree = "<group>"; };
		F8A1C1331858C58C008345BD /* Machado.h */ = {isa = PBXFileReference; fileEncoding = 4; lastKnownFileType = sourcecode.c.h; name = Machado.h; path = LeagueOfObjectOriented/Machado.h; sourceTree = "<group>"; };
		F8A1C1341858C58C008345BD /* Machado.m */ = {isa = PBXFileReference; fileEncoding = 4; lastKnownFileType = sourcecode.c.objc; name = Machado.m; path = LeagueOfObjectOriented/Machado.m; sourceTree = "<group>"; };
		F8A1C1351858C58C008345BD /* Magia.h */ = {isa = PBXFileReference; fileEncoding = 4; lastKnownFileType = sourcecode.c.h; name = Magia.h; path = LeagueOfObjectOriented/Magia.h; sourceTree = "<group>"; };
		F8A1C1361858C58C008345BD /* Magia.m */ = {isa = PBXFileReference; fileEncoding = 4; lastKnownFileType = sourcecode.c.objc; name = Magia.m; path = LeagueOfObjectOriented/Magia.m; sourceTree = "<group>"; };
/* End PBXFileReference section */

/* Begin PBXFrameworksBuildPhase section */
		271F24551854A34F0024E200 /* Frameworks */ = {
			isa = PBXFrameworksBuildPhase;
			buildActionMask = 2147483647;
			files = (
				271F245C1854A34F0024E200 /* Foundation.framework in Frameworks */,
			);
			runOnlyForDeploymentPostprocessing = 0;
		};
/* End PBXFrameworksBuildPhase section */

/* Begin PBXGroup section */
		271F244F1854A34F0024E200 = {
			isa = PBXGroup;
			children = (
				F8A1C12D1858C58C008345BD /* ArcoEFlecha.h */,
				F8A1C12E1858C58C008345BD /* ArcoEFlecha.m */,
				F8A1C12F1858C58C008345BD /* Arena.h */,
				F8A1C1301858C58C008345BD /* Arena.m */,
				F8A1C1311858C58C008345BD /* Espada.h */,
				F8A1C1321858C58C008345BD /* Espada.m */,
				F8A1C1331858C58C008345BD /* Machado.h */,
				F8A1C1341858C58C008345BD /* Machado.m */,
				BFB7B2FA1858D8B300362616 /* Armadura.h */,
				BFB7B2FB1858D8B300362616 /* Armadura.m */,
				F8A1C1351858C58C008345BD /* Magia.h */,
				F8A1C1361858C58C008345BD /* Magia.m */,
				271F245D1854A34F0024E200 /* LeagueOfObjectOriented */,
				271F245A1854A34F0024E200 /* Frameworks */,
				271F24591854A34F0024E200 /* Products */,
			);
			sourceTree = "<group>";
		};
		271F24591854A34F0024E200 /* Products */ = {
			isa = PBXGroup;
			children = (
				271F24581854A34F0024E200 /* LeagueOfObjectOriented */,
			);
			name = Products;
			sourceTree = "<group>";
		};
		271F245A1854A34F0024E200 /* Frameworks */ = {
			isa = PBXGroup;
			children = (
				271F245B1854A34F0024E200 /* Foundation.framework */,
			);
			name = Frameworks;
			sourceTree = "<group>";
		};
		271F245D1854A34F0024E200 /* LeagueOfObjectOriented */ = {
			isa = PBXGroup;
			children = (
				271F245E1854A34F0024E200 /* main.m */,
				271F24691854F9B30024E200 /* Jogador.h */,
				271F246A1854F9B30024E200 /* Jogador.m */,
				271F246C1854FBB50024E200 /* Arma.h */,
				271F246D1854FBB50024E200 /* Arma.m */,
				271F246F1854FEDE0024E200 /* LeagueOfOrientedObject.h */,
				271F24701854FEDE0024E200 /* LeagueOfOrientedObject.m */,
				BE874D321858CE030037F872 /* FabricaArma.h */,
				BE874D331858CE030037F872 /* FabricaArma.m */,
				271F24601854A34F0024E200 /* Supporting Files */,
			);
			path = LeagueOfObjectOriented;
			sourceTree = "<group>";
		};
		271F24601854A34F0024E200 /* Supporting Files */ = {
			isa = PBXGroup;
			children = (
				271F24611854A34F0024E200 /* LeagueOfObjectOriented-Prefix.pch */,
			);
			name = "Supporting Files";
			sourceTree = "<group>";
		};
/* End PBXGroup section */

/* Begin PBXNativeTarget section */
		271F24571854A34F0024E200 /* LeagueOfObjectOriented */ = {
			isa = PBXNativeTarget;
			buildConfigurationList = 271F24661854A34F0024E200 /* Build configuration list for PBXNativeTarget "LeagueOfObjectOriented" */;
			buildPhases = (
				271F24541854A34F0024E200 /* Sources */,
				271F24551854A34F0024E200 /* Frameworks */,
				271F24561854A34F0024E200 /* CopyFiles */,
			);
			buildRules = (
			);
			dependencies = (
			);
			name = LeagueOfObjectOriented;
			productName = LeagueOfObjectOriented;
			productReference = 271F24581854A34F0024E200 /* LeagueOfObjectOriented */;
			productType = "com.apple.product-type.tool";
		};
/* End PBXNativeTarget section */

/* Begin PBXProject section */
		271F24501854A34F0024E200 /* Project object */ = {
			isa = PBXProject;
			attributes = {
				LastUpgradeCheck = 0500;
				ORGANIZATIONNAME = "Vinicius Miana";
			};
			buildConfigurationList = 271F24531854A34F0024E200 /* Build configuration list for PBXProject "LeagueOfObjectOriented" */;
			compatibilityVersion = "Xcode 3.2";
			developmentRegion = English;
			hasScannedForEncodings = 0;
			knownRegions = (
				en,
			);
			mainGroup = 271F244F1854A34F0024E200;
			productRefGroup = 271F24591854A34F0024E200 /* Products */;
			projectDirPath = "";
			projectRoot = "";
			targets = (
				271F24571854A34F0024E200 /* LeagueOfObjectOriented */,
			);
		};
/* End PBXProject section */

/* Begin PBXSourcesBuildPhase section */
		271F24541854A34F0024E200 /* Sources */ = {
			isa = PBXSourcesBuildPhase;
			buildActionMask = 2147483647;
			files = (
				F8A1C13B1858C58C008345BD /* Magia.m in Sources */,
				271F24711854FEDE0024E200 /* LeagueOfOrientedObject.m in Sources */,
				F8A1C13A1858C58C008345BD /* Machado.m in Sources */,
				F8A1C1371858C58C008345BD /* ArcoEFlecha.m in Sources */,
				F8A1C1391858C58C008345BD /* Espada.m in Sources */,
				271F246B1854F9B30024E200 /* Jogador.m in Sources */,
				F8A1C1381858C58C008345BD /* Arena.m in Sources */,
				BE874D341858CE030037F872 /* FabricaArma.m in Sources */,
				BFB7B2FC1858D8B300362616 /* Armadura.m in Sources */,
				271F245F1854A34F0024E200 /* main.m in Sources */,
				271F246E1854FBB50024E200 /* Arma.m in Sources */,
			);
			runOnlyForDeploymentPostprocessing = 0;
		};
/* End PBXSourcesBuildPhase section */

/* Begin XCBuildConfiguration section */
		271F24641854A34F0024E200 /* Debug */ = {
			isa = XCBuildConfiguration;
			buildSettings = {
				ALWAYS_SEARCH_USER_PATHS = NO;
				CLANG_CXX_LANGUAGE_STANDARD = "gnu++0x";
				CLANG_CXX_LIBRARY = "libc++";
				CLANG_ENABLE_OBJC_ARC = YES;
				CLANG_WARN_BOOL_CONVERSION = YES;
				CLANG_WARN_CONSTANT_CONVERSION = YES;
				CLANG_WARN_DIRECT_OBJC_ISA_USAGE = YES_ERROR;
				CLANG_WARN_EMPTY_BODY = YES;
				CLANG_WARN_ENUM_CONVERSION = YES;
				CLANG_WARN_INT_CONVERSION = YES;
				CLANG_WARN_OBJC_ROOT_CLASS = YES_ERROR;
				CLANG_WARN__DUPLICATE_METHOD_MATCH = YES;
				COPY_PHASE_STRIP = NO;
				GCC_C_LANGUAGE_STANDARD = gnu99;
				GCC_DYNAMIC_NO_PIC = NO;
				GCC_ENABLE_OBJC_EXCEPTIONS = YES;
				GCC_OPTIMIZATION_LEVEL = 0;
				GCC_PREPROCESSOR_DEFINITIONS = (
					"DEBUG=1",
					"$(inherited)",
				);
				GCC_SYMBOLS_PRIVATE_EXTERN = NO;
				GCC_WARN_64_TO_32_BIT_CONVERSION = YES;
				GCC_WARN_ABOUT_RETURN_TYPE = YES_ERROR;
				GCC_WARN_UNDECLARED_SELECTOR = YES;
				GCC_WARN_UNINITIALIZED_AUTOS = YES;
				GCC_WARN_UNUSED_FUNCTION = YES;
				GCC_WARN_UNUSED_VARIABLE = YES;
				MACOSX_DEPLOYMENT_TARGET = 10.8;
				ONLY_ACTIVE_ARCH = YES;
				SDKROOT = macosx;
			};
			name = Debug;
		};
		271F24651854A34F0024E200 /* Release */ = {
			isa = XCBuildConfiguration;
			buildSettings = {
				ALWAYS_SEARCH_USER_PATHS = NO;
				CLANG_CXX_LANGUAGE_STANDARD = "gnu++0x";
				CLANG_CXX_LIBRARY = "libc++";
				CLANG_ENABLE_OBJC_ARC = YES;
				CLANG_WARN_BOOL_CONVERSION = YES;
				CLANG_WARN_CONSTANT_CONVERSION = YES;
				CLANG_WARN_DIRECT_OBJC_ISA_USAGE = YES_ERROR;
				CLANG_WARN_EMPTY_BODY = YES;
				CLANG_WARN_ENUM_CONVERSION = YES;
				CLANG_WARN_INT_CONVERSION = YES;
				CLANG_WARN_OBJC_ROOT_CLASS = YES_ERROR;
				CLANG_WARN__DUPLICATE_METHOD_MATCH = YES;
				COPY_PHASE_STRIP = YES;
				DEBUG_INFORMATION_FORMAT = "dwarf-with-dsym";
				ENABLE_NS_ASSERTIONS = NO;
				GCC_C_LANGUAGE_STANDARD = gnu99;
				GCC_ENABLE_OBJC_EXCEPTIONS = YES;
				GCC_WARN_64_TO_32_BIT_CONVERSION = YES;
				GCC_WARN_ABOUT_RETURN_TYPE = YES_ERROR;
				GCC_WARN_UNDECLARED_SELECTOR = YES;
				GCC_WARN_UNINITIALIZED_AUTOS = YES;
				GCC_WARN_UNUSED_FUNCTION = YES;
				GCC_WARN_UNUSED_VARIABLE = YES;
				MACOSX_DEPLOYMENT_TARGET = 10.8;
				SDKROOT = macosx;
			};
			name = Release;
		};
		271F24671854A34F0024E200 /* Debug */ = {
			isa = XCBuildConfiguration;
			buildSettings = {
				GCC_PRECOMPILE_PREFIX_HEADER = YES;
				GCC_PREFIX_HEADER = "LeagueOfObjectOriented/LeagueOfObjectOriented-Prefix.pch";
				PRODUCT_NAME = "$(TARGET_NAME)";
			};
			name = Debug;
		};
		271F24681854A34F0024E200 /* Release */ = {
			isa = XCBuildConfiguration;
			buildSettings = {
				GCC_PRECOMPILE_PREFIX_HEADER = YES;
				GCC_PREFIX_HEADER = "LeagueOfObjectOriented/LeagueOfObjectOriented-Prefix.pch";
				PRODUCT_NAME = "$(TARGET_NAME)";
			};
			name = Release;
		};
/* End XCBuildConfiguration section */

/* Begin XCConfigurationList section */
		271F24531854A34F0024E200 /* Build configuration list for PBXProject "LeagueOfObjectOriented" */ = {
			isa = XCConfigurationList;
			buildConfigurations = (
				271F24641854A34F0024E200 /* Debug */,
				271F24651854A34F0024E200 /* Release */,
			);
			defaultConfigurationIsVisible = 0;
			defaultConfigurationName = Release;
		};
		271F24661854A34F0024E200 /* Build configuration list for PBXNativeTarget "LeagueOfObjectOriented" */ = {
			isa = XCConfigurationList;
			buildConfigurations = (
				271F24671854A34F0024E200 /* Debug */,
				271F24681854A34F0024E200 /* Release */,
			);
			defaultConfigurationIsVisible = 0;
			defaultConfigurationName = Release;
		};
/* End XCConfigurationList section */
	};
	rootObject = 271F24501854A34F0024E200 /* Project object */;
}
